
Microsoft Visual Studio Solution File, Format Version 12.00
# Visual Studio 15
VisualStudioVersion = 15.0.27428.2037
MinimumVisualStudioVersion = 10.0.40219.1
Project("{FAE04EC0-301F-11D3-BF4B-00C04F79EFBC}") = "zone320.User.WebAPI", "zone320.User.WebAPI\zone320.User.WebAPI.csproj", "{682AECD2-EC36-40EA-A334-EDBE4D236792}"
EndProject
Project("{FAE04EC0-301F-11D3-BF4B-00C04F79EFBC}") = "zone320.User.DataAccess", "..\zone320.User.DataAccess\zone320.User.DataAccess\zone320.User.DataAccess.csproj", "{E7B44EC1-2202-472E-8907-13971F3B862D}"
EndProject
Project("{FAE04EC0-301F-11D3-BF4B-00C04F79EFBC}") = "zone320.User.Service", "..\zone320.User.Service\zone320.User.Service\zone320.User.Service.csproj", "{53F8DDE3-F63A-41D4-B59E-BFECC6F7FDAB}"
EndProject
Project("{FAE04EC0-301F-11D3-BF4B-00C04F79EFBC}") = "zone320.User.Service.Tests", "..\zone320.User.Service.Tests\zone320.User.Service.Tests\zone320.User.Service.Tests.csproj", "{9C5A6303-BCC8-49D3-BC51-3F075C6D9624}"
EndProject
Project("{FAE04EC0-301F-11D3-BF4B-00C04F79EFBC}") = "zone320.Common.DataAccess", "..\..\Common\zone320.Common.DataAccess\zone320.Common.DataAccess\zone320.Common.DataAccess.csproj", "{37FEDCAC-0B3F-4826-A993-9F989BFAC991}"
EndProject
Project("{FAE04EC0-301F-11D3-BF4B-00C04F79EFBC}") = "zone320.Common.Tests", "..\..\Common\zone320.Common.Tests\zone320.Common.Tests\zone320.Common.Tests.csproj", "{DA9AB887-2266-4850-85E4-022AB64972A1}"
EndProject
Project("{FAE04EC0-301F-11D3-BF4B-00C04F79EFBC}") = "zone320.Common.Utility", "..\..\Common\zone320.Common.Utility\zone320.Common.Utility\zone320.Common.Utility.csproj", "{755B4894-0BBC-426C-83C0-37F11E32C04E}"
EndProject
Global
	GlobalSection(SolutionConfigurationPlatforms) = preSolution
		Debug|Any CPU = Debug|Any CPU
		Release|Any CPU = Release|Any CPU
	EndGlobalSection
	GlobalSection(ProjectConfigurationPlatforms) = postSolution
		{682AECD2-EC36-40EA-A334-EDBE4D236792}.Debug|Any CPU.ActiveCfg = Debug|Any CPU
		{682AECD2-EC36-40EA-A334-EDBE4D236792}.Debug|Any CPU.Build.0 = Debug|Any CPU
		{682AECD2-EC36-40EA-A334-EDBE4D236792}.Release|Any CPU.ActiveCfg = Release|Any CPU
		{682AECD2-EC36-40EA-A334-EDBE4D236792}.Release|Any CPU.Build.0 = Release|Any CPU
		{E7B44EC1-2202-472E-8907-13971F3B862D}.Debug|Any CPU.ActiveCfg = Debug|Any CPU
		{E7B44EC1-2202-472E-8907-13971F3B862D}.Debug|Any CPU.Build.0 = Debug|Any CPU
		{E7B44EC1-2202-472E-8907-13971F3B862D}.Release|Any CPU.ActiveCfg = Release|Any CPU
		{E7B44EC1-2202-472E-8907-13971F3B862D}.Release|Any CPU.Build.0 = Release|Any CPU
		{53F8DDE3-F63A-41D4-B59E-BFECC6F7FDAB}.Debug|Any CPU.ActiveCfg = Debug|Any CPU
		{53F8DDE3-F63A-41D4-B59E-BFECC6F7FDAB}.Debug|Any CPU.Build.0 = Debug|Any CPU
		{53F8DDE3-F63A-41D4-B59E-BFECC6F7FDAB}.Release|Any CPU.ActiveCfg = Release|Any CPU
		{53F8DDE3-F63A-41D4-B59E-BFECC6F7FDAB}.Release|Any CPU.Build.0 = Release|Any CPU
		{9C5A6303-BCC8-49D3-BC51-3F075C6D9624}.Debug|Any CPU.ActiveCfg = Debug|Any CPU
		{9C5A6303-BCC8-49D3-BC51-3F075C6D9624}.Debug|Any CPU.Build.0 = Debug|Any CPU
		{9C5A6303-BCC8-49D3-BC51-3F075C6D9624}.Release|Any CPU.ActiveCfg = Release|Any CPU
		{9C5A6303-BCC8-49D3-BC51-3F075C6D9624}.Release|Any CPU.Build.0 = Release|Any CPU
		{37FEDCAC-0B3F-4826-A993-9F989BFAC991}.Debug|Any CPU.ActiveCfg = Debug|Any CPU
		{37FEDCAC-0B3F-4826-A993-9F989BFAC991}.Debug|Any CPU.Build.0 = Debug|Any CPU
		{37FEDCAC-0B3F-4826-A993-9F989BFAC991}.Release|Any CPU.ActiveCfg = Release|Any CPU
		{37FEDCAC-0B3F-4826-A993-9F989BFAC991}.Release|Any CPU.Build.0 = Release|Any CPU
		{DA9AB887-2266-4850-85E4-022AB64972A1}.Debug|Any CPU.ActiveCfg = Debug|Any CPU
		{DA9AB887-2266-4850-85E4-022AB64972A1}.Debug|Any CPU.Build.0 = Debug|Any CPU
		{DA9AB887-2266-4850-85E4-022AB64972A1}.Release|Any CPU.ActiveCfg = Release|Any CPU
		{DA9AB887-2266-4850-85E4-022AB64972A1}.Release|Any CPU.Build.0 = Release|Any CPU
		{755B4894-0BBC-426C-83C0-37F11E32C04E}.Debug|Any CPU.ActiveCfg = Debug|Any CPU
		{755B4894-0BBC-426C-83C0-37F11E32C04E}.Debug|Any CPU.Build.0 = Debug|Any CPU
		{755B4894-0BBC-426C-83C0-37F11E32C04E}.Release|Any CPU.ActiveCfg = Release|Any CPU
		{755B4894-0BBC-426C-83C0-37F11E32C04E}.Release|Any CPU.Build.0 = Release|Any CPU
	EndGlobalSection
	GlobalSection(SolutionProperties) = preSolution
		HideSolutionNode = FALSE
	EndGlobalSection
	GlobalSection(ExtensibilityGlobals) = postSolution
		SolutionGuid = {6D1191D0-C2DC-48BB-B351-3EA764D3C4B6}
	EndGlobalSection
EndGlobal
