
Microsoft Visual Studio Solution File, Format Version 12.00
# Visual Studio 15
VisualStudioVersion = 15.0.27428.2037
MinimumVisualStudioVersion = 10.0.40219.1
Project("{FAE04EC0-301F-11D3-BF4B-00C04F79EFBC}") = "zone320.User.WebAPI", "zone320.User.WebAPI\zone320.User.WebAPI.csproj", "{682AECD2-EC36-40EA-A334-EDBE4D236792}"
EndProject
Global
	GlobalSection(SolutionConfigurationPlatforms) = preSolution
		Debug|Any CPU = Debug|Any CPU
		Release|Any CPU = Release|Any CPU
	EndGlobalSection
	GlobalSection(ProjectConfigurationPlatforms) = postSolution
		{682AECD2-EC36-40EA-A334-EDBE4D236792}.Debug|Any CPU.ActiveCfg = Debug|Any CPU
		{682AECD2-EC36-40EA-A334-EDBE4D236792}.Debug|Any CPU.Build.0 = Debug|Any CPU
		{682AECD2-EC36-40EA-A334-EDBE4D236792}.Release|Any CPU.ActiveCfg = Release|Any CPU
		{682AECD2-EC36-40EA-A334-EDBE4D236792}.Release|Any CPU.Build.0 = Release|Any CPU
	EndGlobalSection
	GlobalSection(SolutionProperties) = preSolution
		HideSolutionNode = FALSE
	EndGlobalSection
	GlobalSection(ExtensibilityGlobals) = postSolution
		SolutionGuid = {6D1191D0-C2DC-48BB-B351-3EA764D3C4B6}
	EndGlobalSection
EndGlobal
