
Microsoft Visual Studio Solution File, Format Version 12.00
# Visual Studio 15
VisualStudioVersion = 15.0.27428.2037
MinimumVisualStudioVersion = 10.0.40219.1
Project("{FAE04EC0-301F-11D3-BF4B-00C04F79EFBC}") = "zone320.Common.DataAccess.Tests", "zone320.Common.DataAccess.Tests\zone320.Common.DataAccess.Tests.csproj", "{D9F996E3-BCAB-4D86-87D2-6C3E755514EE}"
EndProject
Global
	GlobalSection(SolutionConfigurationPlatforms) = preSolution
		Debug|Any CPU = Debug|Any CPU
		Release|Any CPU = Release|Any CPU
	EndGlobalSection
	GlobalSection(ProjectConfigurationPlatforms) = postSolution
		{D9F996E3-BCAB-4D86-87D2-6C3E755514EE}.Debug|Any CPU.ActiveCfg = Debug|Any CPU
		{D9F996E3-BCAB-4D86-87D2-6C3E755514EE}.Debug|Any CPU.Build.0 = Debug|Any CPU
		{D9F996E3-BCAB-4D86-87D2-6C3E755514EE}.Release|Any CPU.ActiveCfg = Release|Any CPU
		{D9F996E3-BCAB-4D86-87D2-6C3E755514EE}.Release|Any CPU.Build.0 = Release|Any CPU
	EndGlobalSection
	GlobalSection(SolutionProperties) = preSolution
		HideSolutionNode = FALSE
	EndGlobalSection
	GlobalSection(ExtensibilityGlobals) = postSolution
		SolutionGuid = {5AF7857C-47A4-4528-85A5-28208A027252}
	EndGlobalSection
EndGlobal
