
Microsoft Visual Studio Solution File, Format Version 12.00
# Visual Studio 15
VisualStudioVersion = 15.0.27428.2037
MinimumVisualStudioVersion = 10.0.40219.1
Project("{FAE04EC0-301F-11D3-BF4B-00C04F79EFBC}") = "zone320.Recipe.DataAccess", "zone320.Recipe.DataAccess\zone320.Recipe.DataAccess.csproj", "{909316C8-D913-4EAF-99E4-B6ED3BC5DE13}"
EndProject
Global
	GlobalSection(SolutionConfigurationPlatforms) = preSolution
		Debug|Any CPU = Debug|Any CPU
		Release|Any CPU = Release|Any CPU
	EndGlobalSection
	GlobalSection(ProjectConfigurationPlatforms) = postSolution
		{909316C8-D913-4EAF-99E4-B6ED3BC5DE13}.Debug|Any CPU.ActiveCfg = Debug|Any CPU
		{909316C8-D913-4EAF-99E4-B6ED3BC5DE13}.Debug|Any CPU.Build.0 = Debug|Any CPU
		{909316C8-D913-4EAF-99E4-B6ED3BC5DE13}.Release|Any CPU.ActiveCfg = Release|Any CPU
		{909316C8-D913-4EAF-99E4-B6ED3BC5DE13}.Release|Any CPU.Build.0 = Release|Any CPU
	EndGlobalSection
	GlobalSection(SolutionProperties) = preSolution
		HideSolutionNode = FALSE
	EndGlobalSection
	GlobalSection(ExtensibilityGlobals) = postSolution
		SolutionGuid = {F000CFA0-9C69-4754-9CA9-9E4E46AF83BD}
	EndGlobalSection
EndGlobal
