
Microsoft Visual Studio Solution File, Format Version 12.00
# Visual Studio 15
VisualStudioVersion = 15.0.27428.2037
MinimumVisualStudioVersion = 10.0.40219.1
Project("{FAE04EC0-301F-11D3-BF4B-00C04F79EFBC}") = "zone320.Common.Tests", "zone320.Common.Tests\zone320.Common.Tests.csproj", "{59FD823C-BF9F-4417-8B2B-B0259A7B828F}"
EndProject
Global
	GlobalSection(SolutionConfigurationPlatforms) = preSolution
		Debug|Any CPU = Debug|Any CPU
		Release|Any CPU = Release|Any CPU
	EndGlobalSection
	GlobalSection(ProjectConfigurationPlatforms) = postSolution
		{59FD823C-BF9F-4417-8B2B-B0259A7B828F}.Debug|Any CPU.ActiveCfg = Debug|Any CPU
		{59FD823C-BF9F-4417-8B2B-B0259A7B828F}.Debug|Any CPU.Build.0 = Debug|Any CPU
		{59FD823C-BF9F-4417-8B2B-B0259A7B828F}.Release|Any CPU.ActiveCfg = Release|Any CPU
		{59FD823C-BF9F-4417-8B2B-B0259A7B828F}.Release|Any CPU.Build.0 = Release|Any CPU
	EndGlobalSection
	GlobalSection(SolutionProperties) = preSolution
		HideSolutionNode = FALSE
	EndGlobalSection
	GlobalSection(ExtensibilityGlobals) = postSolution
		SolutionGuid = {B6BF20FC-E269-4DDA-8EBC-ECC341CEAA75}
	EndGlobalSection
EndGlobal
