
Microsoft Visual Studio Solution File, Format Version 12.00
# Visual Studio 15
VisualStudioVersion = 15.0.27428.2037
MinimumVisualStudioVersion = 10.0.40219.1
Project("{FAE04EC0-301F-11D3-BF4B-00C04F79EFBC}") = "zone320.User.DataAccess", "zone320.User.DataAccess\zone320.User.DataAccess.csproj", "{E7B44EC1-2202-472E-8907-13971F3B862D}"
EndProject
Global
	GlobalSection(SolutionConfigurationPlatforms) = preSolution
		Debug|Any CPU = Debug|Any CPU
		Release|Any CPU = Release|Any CPU
	EndGlobalSection
	GlobalSection(ProjectConfigurationPlatforms) = postSolution
		{E7B44EC1-2202-472E-8907-13971F3B862D}.Debug|Any CPU.ActiveCfg = Debug|Any CPU
		{E7B44EC1-2202-472E-8907-13971F3B862D}.Debug|Any CPU.Build.0 = Debug|Any CPU
		{E7B44EC1-2202-472E-8907-13971F3B862D}.Release|Any CPU.ActiveCfg = Release|Any CPU
		{E7B44EC1-2202-472E-8907-13971F3B862D}.Release|Any CPU.Build.0 = Release|Any CPU
	EndGlobalSection
	GlobalSection(SolutionProperties) = preSolution
		HideSolutionNode = FALSE
	EndGlobalSection
	GlobalSection(ExtensibilityGlobals) = postSolution
		SolutionGuid = {8EC506EA-0B4E-4757-A207-E6521359A6E0}
	EndGlobalSection
EndGlobal
