
Microsoft Visual Studio Solution File, Format Version 12.00
# Visual Studio 15
VisualStudioVersion = 15.0.27428.2037
MinimumVisualStudioVersion = 10.0.40219.1
Project("{FAE04EC0-301F-11D3-BF4B-00C04F79EFBC}") = "zone320.Common.Utility.Tests", "zone320.Common.Utility.Tests\zone320.Common.Utility.Tests.csproj", "{226377FD-7AA2-47BA-82F3-18672ADD42F2}"
EndProject
Global
	GlobalSection(SolutionConfigurationPlatforms) = preSolution
		Debug|Any CPU = Debug|Any CPU
		Release|Any CPU = Release|Any CPU
	EndGlobalSection
	GlobalSection(ProjectConfigurationPlatforms) = postSolution
		{226377FD-7AA2-47BA-82F3-18672ADD42F2}.Debug|Any CPU.ActiveCfg = Debug|Any CPU
		{226377FD-7AA2-47BA-82F3-18672ADD42F2}.Debug|Any CPU.Build.0 = Debug|Any CPU
		{226377FD-7AA2-47BA-82F3-18672ADD42F2}.Release|Any CPU.ActiveCfg = Release|Any CPU
		{226377FD-7AA2-47BA-82F3-18672ADD42F2}.Release|Any CPU.Build.0 = Release|Any CPU
	EndGlobalSection
	GlobalSection(SolutionProperties) = preSolution
		HideSolutionNode = FALSE
	EndGlobalSection
	GlobalSection(ExtensibilityGlobals) = postSolution
		SolutionGuid = {DB5865BC-54A8-435C-8C63-940728E7A1E7}
	EndGlobalSection
EndGlobal
