
Microsoft Visual Studio Solution File, Format Version 12.00
# Visual Studio 15
VisualStudioVersion = 15.0.27428.2037
MinimumVisualStudioVersion = 10.0.40219.1
Project("{FAE04EC0-301F-11D3-BF4B-00C04F79EFBC}") = "zone320.Recipe.Service.Tests", "zone320.Recipe.Service.Tests\zone320.Recipe.Service.Tests.csproj", "{CC9D1E22-E72C-45F7-B856-8B8E1A151133}"
EndProject
Global
	GlobalSection(SolutionConfigurationPlatforms) = preSolution
		Debug|Any CPU = Debug|Any CPU
		Release|Any CPU = Release|Any CPU
	EndGlobalSection
	GlobalSection(ProjectConfigurationPlatforms) = postSolution
		{CC9D1E22-E72C-45F7-B856-8B8E1A151133}.Debug|Any CPU.ActiveCfg = Debug|Any CPU
		{CC9D1E22-E72C-45F7-B856-8B8E1A151133}.Debug|Any CPU.Build.0 = Debug|Any CPU
		{CC9D1E22-E72C-45F7-B856-8B8E1A151133}.Release|Any CPU.ActiveCfg = Release|Any CPU
		{CC9D1E22-E72C-45F7-B856-8B8E1A151133}.Release|Any CPU.Build.0 = Release|Any CPU
	EndGlobalSection
	GlobalSection(SolutionProperties) = preSolution
		HideSolutionNode = FALSE
	EndGlobalSection
	GlobalSection(ExtensibilityGlobals) = postSolution
		SolutionGuid = {E4AB9976-29AB-428F-8621-428ED4DA0B3B}
	EndGlobalSection
EndGlobal
